
Microsoft Visual Studio Solution File, Format Version 12.00
# Visual Studio 2013
VisualStudioVersion = 12.0.30501.0
MinimumVisualStudioVersion = 10.0.40219.1
Project("{8BC9CEB8-8B4A-11D0-8D11-00A0C91BC942}") = "cplusutil", "cplusutil.vcxproj", "{006D52F0-0ECC-43BF-B5DA-E2B9A38D9727}"
EndProject
Global
	GlobalSection(SolutionConfigurationPlatforms) = preSolution
		Debug|Win32 = Debug|Win32
		Release|Win32 = Release|Win32
	EndGlobalSection
	GlobalSection(ProjectConfigurationPlatforms) = postSolution
		{006D52F0-0ECC-43BF-B5DA-E2B9A38D9727}.Debug|Win32.ActiveCfg = Debug|Win32
		{006D52F0-0ECC-43BF-B5DA-E2B9A38D9727}.Debug|Win32.Build.0 = Debug|Win32
		{006D52F0-0ECC-43BF-B5DA-E2B9A38D9727}.Release|Win32.ActiveCfg = Release|Win32
		{006D52F0-0ECC-43BF-B5DA-E2B9A38D9727}.Release|Win32.Build.0 = Release|Win32
	EndGlobalSection
	GlobalSection(SolutionProperties) = preSolution
		HideSolutionNode = FALSE
	EndGlobalSection
EndGlobal
